{
  "nodes": {
    "gitignore": {
      "inputs": {
        "nixpkgs": [
          "go-todo-exporter",
          "nixpkgs"
        ]
      },
      "locked": {
        "lastModified": 1709087332,
        "narHash": "sha256-HG2cCnktfHsKV0s4XW83gU3F57gaTljL9KNSuG6bnQs=",
        "owner": "hercules-ci",
        "repo": "gitignore.nix",
        "rev": "637db329424fd7e46cf4185293b9cc8c88c95394",
        "type": "github"
      },
      "original": {
        "owner": "hercules-ci",
        "repo": "gitignore.nix",
        "type": "github"
      }
    },
    "go-todo-exporter": {
      "inputs": {
        "gitignore": "gitignore",
        "nixpkgs": [
          "nixpkgs"
        ]
      },
      "locked": {
        "lastModified": 1747408364,
        "narHash": "sha256-ZvAqJNP39IdGV1mDk043WsALEqC5IuiBdZSph35dUBA=",
        "owner": "kmjayadeep",
        "repo": "go-todo-exporter",
        "rev": "794d2170a4d36f5c1c8144381a2db8e7219e84c3",
        "type": "github"
      },
      "original": {
        "owner": "kmjayadeep",
        "repo": "go-todo-exporter",
        "type": "github"
      }
    },
    "home-manager": {
      "inputs": {
        "nixpkgs": [
          "nixpkgs"
        ]
      },
      "locked": {
        "lastModified": 1747374689,
        "narHash": "sha256-JT/aBZqmK1LbExzwT9cPkvxKc0IC4i6tZKOPjsSWFbI=",
        "owner": "nix-community",
        "repo": "home-manager",
        "rev": "d2263ce5f4c251c0f7608330e8fdb7d1f01f0667",
        "type": "github"
      },
      "original": {
        "owner": "nix-community",
        "repo": "home-manager",
        "type": "github"
      }
    },
    "nixpkgs": {
      "locked": {
        "lastModified": 1747179050,
        "narHash": "sha256-qhFMmDkeJX9KJwr5H32f1r7Prs7XbQWtO0h3V0a0rFY=",
        "owner": "nixos",
        "repo": "nixpkgs",
        "rev": "adaa24fbf46737f3f1b5497bf64bae750f82942e",
        "type": "github"
      },
      "original": {
        "owner": "nixos",
        "ref": "nixos-unstable",
        "repo": "nixpkgs",
        "type": "github"
      }
    },
    "root": {
      "inputs": {
        "go-todo-exporter": "go-todo-exporter",
        "home-manager": "home-manager",
        "nixpkgs": "nixpkgs",
        "scripts": "scripts"
      }
    },
    "scripts": {
      "inputs": {
        "nixpkgs": [
          "nixpkgs"
        ]
      },
      "locked": {
        "lastModified": 1741147149,
        "narHash": "sha256-EGBwWYEoG/ptzt+7BASgoB+g92tXLb2zFw9kUZGIJ78=",
        "owner": "kmjayadeep",
        "repo": "scripts",
        "rev": "2f11e7e01f246e32a69546ac9bf7bd0e32eb6108",
        "type": "github"
      },
      "original": {
        "owner": "kmjayadeep",
        "repo": "scripts",
        "type": "github"
      }
    }
  },
  "root": "root",
  "version": 7
}
